
Microsoft Visual Studio Solution File, Format Version 12.00
# Visual Studio Version 16
VisualStudioVersion = 16.0.32002.261
MinimumVisualStudioVersion = 10.0.40219.1
Project("{FAE04EC0-301F-11D3-BF4B-00C04F79EFBC}") = "TheForest_bhaptics", "TheForest_bhaptics.csproj", "{5FB340AC-2F99-4CF1-8ACA-CF515D353CB0}"
EndProject
Global
	GlobalSection(SolutionConfigurationPlatforms) = preSolution
		Debug|Any CPU = Debug|Any CPU
		Release|Any CPU = Release|Any CPU
	EndGlobalSection
	GlobalSection(ProjectConfigurationPlatforms) = postSolution
		{5FB340AC-2F99-4CF1-8ACA-CF515D353CB0}.Debug|Any CPU.ActiveCfg = Debug|Any CPU
		{5FB340AC-2F99-4CF1-8ACA-CF515D353CB0}.Debug|Any CPU.Build.0 = Debug|Any CPU
		{5FB340AC-2F99-4CF1-8ACA-CF515D353CB0}.Release|Any CPU.ActiveCfg = Release|Any CPU
		{5FB340AC-2F99-4CF1-8ACA-CF515D353CB0}.Release|Any CPU.Build.0 = Release|Any CPU
	EndGlobalSection
	GlobalSection(SolutionProperties) = preSolution
		HideSolutionNode = FALSE
	EndGlobalSection
	GlobalSection(ExtensibilityGlobals) = postSolution
		SolutionGuid = {6145ABDD-CEED-4E33-B554-8AABEC8778ED}
	EndGlobalSection
EndGlobal
